
Microsoft Visual Studio Solution File, Format Version 12.00
# Visual Studio Version 17
VisualStudioVersion = 17.4.33213.308
MinimumVisualStudioVersion = 10.0.40219.1
Project("{FAE04EC0-301F-11D3-BF4B-00C04F79EFBC}") = "Client", "Client\Client.csproj", "{FA469A01-5EE5-4FF9-9398-9B4AB4D90A2F}"
EndProject
Global
	GlobalSection(SolutionConfigurationPlatforms) = preSolution
		Debug|Any CPU = Debug|Any CPU
		Release|Any CPU = Release|Any CPU
	EndGlobalSection
	GlobalSection(ProjectConfigurationPlatforms) = postSolution
		{FA469A01-5EE5-4FF9-9398-9B4AB4D90A2F}.Debug|Any CPU.ActiveCfg = Debug|Any CPU
		{FA469A01-5EE5-4FF9-9398-9B4AB4D90A2F}.Debug|Any CPU.Build.0 = Debug|Any CPU
		{FA469A01-5EE5-4FF9-9398-9B4AB4D90A2F}.Release|Any CPU.ActiveCfg = Release|Any CPU
		{FA469A01-5EE5-4FF9-9398-9B4AB4D90A2F}.Release|Any CPU.Build.0 = Release|Any CPU
	EndGlobalSection
	GlobalSection(SolutionProperties) = preSolution
		HideSolutionNode = FALSE
	EndGlobalSection
	GlobalSection(ExtensibilityGlobals) = postSolution
		SolutionGuid = {266484BD-A1D2-4208-93AE-F0543C28F94C}
	EndGlobalSection
EndGlobal
